
Microsoft Visual Studio Solution File, Format Version 12.00
# Visual Studio Version 16
VisualStudioVersion = 16.0.29215.179
MinimumVisualStudioVersion = 10.0.40219.1
Project("{9A19103F-16F7-4668-BE54-9A1E7A4F7556}") = "Scanx.Web", "Spec-Project\Scanx.Web.csproj", "{03537C10-DB6A-4D1F-95CC-ADAB6C0BE2F1}"
EndProject
Project("{9A19103F-16F7-4668-BE54-9A1E7A4F7556}") = "Scanx.Common", "Scanx.Common\Scanx.Common.csproj", "{04C9CDD3-90FD-415A-9C8D-963E9A6CF76A}"
EndProject
Global
	GlobalSection(SolutionConfigurationPlatforms) = preSolution
		Debug|Any CPU = Debug|Any CPU
		Release|Any CPU = Release|Any CPU
	EndGlobalSection
	GlobalSection(ProjectConfigurationPlatforms) = postSolution
		{03537C10-DB6A-4D1F-95CC-ADAB6C0BE2F1}.Debug|Any CPU.ActiveCfg = Debug|Any CPU
		{03537C10-DB6A-4D1F-95CC-ADAB6C0BE2F1}.Debug|Any CPU.Build.0 = Debug|Any CPU
		{03537C10-DB6A-4D1F-95CC-ADAB6C0BE2F1}.Release|Any CPU.ActiveCfg = Release|Any CPU
		{03537C10-DB6A-4D1F-95CC-ADAB6C0BE2F1}.Release|Any CPU.Build.0 = Release|Any CPU
		{04C9CDD3-90FD-415A-9C8D-963E9A6CF76A}.Debug|Any CPU.ActiveCfg = Debug|Any CPU
		{04C9CDD3-90FD-415A-9C8D-963E9A6CF76A}.Debug|Any CPU.Build.0 = Debug|Any CPU
		{04C9CDD3-90FD-415A-9C8D-963E9A6CF76A}.Release|Any CPU.ActiveCfg = Release|Any CPU
		{04C9CDD3-90FD-415A-9C8D-963E9A6CF76A}.Release|Any CPU.Build.0 = Release|Any CPU
	EndGlobalSection
	GlobalSection(SolutionProperties) = preSolution
		HideSolutionNode = FALSE
	EndGlobalSection
	GlobalSection(ExtensibilityGlobals) = postSolution
		SolutionGuid = {FF1E1523-735E-4C4C-BE4B-D3D8844E134C}
	EndGlobalSection
EndGlobal
