
Microsoft Visual Studio Solution File, Format Version 12.00
# Visual Studio Version 16
VisualStudioVersion = 16.0.29215.179
MinimumVisualStudioVersion = 10.0.40219.1
Project("{9A19103F-16F7-4668-BE54-9A1E7A4F7556}") = "Spec-Project", "Spec-Project\Spec-Project.csproj", "{03537C10-DB6A-4D1F-95CC-ADAB6C0BE2F1}"
EndProject
Project("{9A19103F-16F7-4668-BE54-9A1E7A4F7556}") = "Soap", "Soap\Soap.csproj", "{F11B3820-CC71-42D7-ACCE-88648F07B44E}"
EndProject
Global
	GlobalSection(SolutionConfigurationPlatforms) = preSolution
		Debug|Any CPU = Debug|Any CPU
		Release|Any CPU = Release|Any CPU
	EndGlobalSection
	GlobalSection(ProjectConfigurationPlatforms) = postSolution
		{03537C10-DB6A-4D1F-95CC-ADAB6C0BE2F1}.Debug|Any CPU.ActiveCfg = Debug|Any CPU
		{03537C10-DB6A-4D1F-95CC-ADAB6C0BE2F1}.Debug|Any CPU.Build.0 = Debug|Any CPU
		{03537C10-DB6A-4D1F-95CC-ADAB6C0BE2F1}.Release|Any CPU.ActiveCfg = Release|Any CPU
		{03537C10-DB6A-4D1F-95CC-ADAB6C0BE2F1}.Release|Any CPU.Build.0 = Release|Any CPU
		{F11B3820-CC71-42D7-ACCE-88648F07B44E}.Debug|Any CPU.ActiveCfg = Debug|Any CPU
		{F11B3820-CC71-42D7-ACCE-88648F07B44E}.Debug|Any CPU.Build.0 = Debug|Any CPU
		{F11B3820-CC71-42D7-ACCE-88648F07B44E}.Release|Any CPU.ActiveCfg = Release|Any CPU
		{F11B3820-CC71-42D7-ACCE-88648F07B44E}.Release|Any CPU.Build.0 = Release|Any CPU
	EndGlobalSection
	GlobalSection(SolutionProperties) = preSolution
		HideSolutionNode = FALSE
	EndGlobalSection
	GlobalSection(ExtensibilityGlobals) = postSolution
		SolutionGuid = {FF1E1523-735E-4C4C-BE4B-D3D8844E134C}
	EndGlobalSection
EndGlobal
